{
  "name": "testing",
  "version": "1.0.0",
  "lockfileVersion": 2,
  "requires": true,
  "packages": {
    "": {
      "name": "testing",
      "version": "1.0.0",
      "license": "ISC",
      "dependencies": {
        "dist": "file:../dist"
      }
    },
    "..": {
      "name": "pokeapi",
      "version": "0.1.0",
      "license": "GPLv3",
      "dependencies": {
        "axios": "^1.3.2",
        "ts-loader": "^9.4.2",
        "webpack-cli": "^5.0.1"
      },
      "devDependencies": {
        "@typescript-eslint/eslint-plugin": "^5.51.0",
        "@typescript-eslint/parser": "^5.51.0",
        "eslint": "^8.33.0",
        "eslint-config-prettier": "^8.6.0",
        "eslint-config-standard-with-typescript": "^34.0.0",
        "eslint-plugin-import": "^2.27.5",
        "eslint-plugin-n": "^15.6.1",
        "eslint-plugin-prettier": "^4.2.1",
        "eslint-plugin-promise": "^6.1.1",
        "microbundle": "^0.15.1",
        "prettier": "^2.8.4",
        "typescript": "^4.9.5"
      }
    },
    "../dist": {
      "version": "1.0.0",
      "license": "ISC"
    },
    "../pokeapi": {
      "version": "1.0.0",
      "extraneous": true,
      "license": "ISC"
    },
    "node_modules/dist": {
      "resolved": "../dist",
      "link": true
    }
  },
  "dependencies": {
    "dist": {
      "version": "file:../dist"
    }
  }
}
